
Microsoft Visual Studio Solution File, Format Version 12.00
# Visual Studio Version 17
VisualStudioVersion = 17.14.36109.1 d17.14
MinimumVisualStudioVersion = 10.0.40219.1
Project("{FAE04EC0-301F-11D3-BF4B-00C04F79EFBC}") = "FactoryTemplateMethodCalculator", "FactoryTemplateMethodCalculator\FactoryTemplateMethodCalculator.csproj", "{972EB895-8F8B-4809-8C46-EFDD7A6FD532}"
EndProject
Global
	GlobalSection(SolutionConfigurationPlatforms) = preSolution
		Debug|Any CPU = Debug|Any CPU
		Release|Any CPU = Release|Any CPU
	EndGlobalSection
	GlobalSection(ProjectConfigurationPlatforms) = postSolution
		{972EB895-8F8B-4809-8C46-EFDD7A6FD532}.Debug|Any CPU.ActiveCfg = Debug|Any CPU
		{972EB895-8F8B-4809-8C46-EFDD7A6FD532}.Debug|Any CPU.Build.0 = Debug|Any CPU
		{972EB895-8F8B-4809-8C46-EFDD7A6FD532}.Release|Any CPU.ActiveCfg = Release|Any CPU
		{972EB895-8F8B-4809-8C46-EFDD7A6FD532}.Release|Any CPU.Build.0 = Release|Any CPU
	EndGlobalSection
	GlobalSection(SolutionProperties) = preSolution
		HideSolutionNode = FALSE
	EndGlobalSection
	GlobalSection(ExtensibilityGlobals) = postSolution
		SolutionGuid = {2CD9847F-C3DD-4150-BD1B-D65475F01588}
	EndGlobalSection
EndGlobal
